
Microsoft Visual Studio Solution File, Format Version 12.00
# Visual Studio Version 17
VisualStudioVersion = 17.0.31903.59
MinimumVisualStudioVersion = 10.0.40219.1
Project("{2150E333-8FDC-42A3-9474-1A3956D46DE8}") = "src", "src", "{911556B6-E946-4221-9A59-B7CA5CB2B434}"
EndProject
Project("{FAE04EC0-301F-11D3-BF4B-00C04F79EFBC}") = "WTMCIDifier.WebApp", "src\WTMCIDifier.WebApp\WTMCIDifier.WebApp.csproj", "{6AD8D29B-D806-458F-875D-44F2F5505D5E}"
EndProject
Global
	GlobalSection(SolutionConfigurationPlatforms) = preSolution
		Debug|Any CPU = Debug|Any CPU
		Release|Any CPU = Release|Any CPU
	EndGlobalSection
	GlobalSection(ProjectConfigurationPlatforms) = postSolution
		{6AD8D29B-D806-458F-875D-44F2F5505D5E}.Debug|Any CPU.ActiveCfg = Debug|Any CPU
		{6AD8D29B-D806-458F-875D-44F2F5505D5E}.Debug|Any CPU.Build.0 = Debug|Any CPU
		{6AD8D29B-D806-458F-875D-44F2F5505D5E}.Release|Any CPU.ActiveCfg = Release|Any CPU
		{6AD8D29B-D806-458F-875D-44F2F5505D5E}.Release|Any CPU.Build.0 = Release|Any CPU
	EndGlobalSection
	GlobalSection(SolutionProperties) = preSolution
		HideSolutionNode = FALSE
	EndGlobalSection
	GlobalSection(NestedProjects) = preSolution
		{6AD8D29B-D806-458F-875D-44F2F5505D5E} = {911556B6-E946-4221-9A59-B7CA5CB2B434}
	EndGlobalSection
	GlobalSection(ExtensibilityGlobals) = postSolution
		SolutionGuid = {B79C608E-BCB0-4B06-9E49-CDF491885099}
	EndGlobalSection
EndGlobal
